
Microsoft Visual Studio Solution File, Format Version 12.00
# Visual Studio 15
VisualStudioVersion = 15.0.27130.2036
MinimumVisualStudioVersion = 10.0.40219.1
Project("{FAE04EC0-301F-11D3-BF4B-00C04F79EFBC}") = "NavigationPageLearning.Android", "NavigationPageLearning\NavigationPageLearning.Android\NavigationPageLearning.Android.csproj", "{7952265C-A58C-4C5F-8B0F-61D9EE593525}"
EndProject
Project("{FAE04EC0-301F-11D3-BF4B-00C04F79EFBC}") = "NavigationPageLearning.iOS", "NavigationPageLearning\NavigationPageLearning.iOS\NavigationPageLearning.iOS.csproj", "{81BC37EA-DD67-41EC-9938-0B77B0291D95}"
EndProject
Project("{FAE04EC0-301F-11D3-BF4B-00C04F79EFBC}") = "NavigationPageLearning.UWP", "NavigationPageLearning\NavigationPageLearning.UWP\NavigationPageLearning.UWP.csproj", "{E1EB7765-D9CA-44E0-9420-F65836C27ABB}"
EndProject
Project("{FAE04EC0-301F-11D3-BF4B-00C04F79EFBC}") = "NavigationPageLearning", "NavigationPageLearning\NavigationPageLearning\NavigationPageLearning.csproj", "{09703F00-5101-4223-8E7D-2C3604D60ECB}"
EndProject
Global
	GlobalSection(SolutionConfigurationPlatforms) = preSolution
		Ad-Hoc|Any CPU = Ad-Hoc|Any CPU
		Ad-Hoc|ARM = Ad-Hoc|ARM
		Ad-Hoc|iPhone = Ad-Hoc|iPhone
		Ad-Hoc|iPhoneSimulator = Ad-Hoc|iPhoneSimulator
		Ad-Hoc|x64 = Ad-Hoc|x64
		Ad-Hoc|x86 = Ad-Hoc|x86
		AppStore|Any CPU = AppStore|Any CPU
		AppStore|ARM = AppStore|ARM
		AppStore|iPhone = AppStore|iPhone
		AppStore|iPhoneSimulator = AppStore|iPhoneSimulator
		AppStore|x64 = AppStore|x64
		AppStore|x86 = AppStore|x86
		Debug|Any CPU = Debug|Any CPU
		Debug|ARM = Debug|ARM
		Debug|iPhone = Debug|iPhone
		Debug|iPhoneSimulator = Debug|iPhoneSimulator
		Debug|x64 = Debug|x64
		Debug|x86 = Debug|x86
		Release|Any CPU = Release|Any CPU
		Release|ARM = Release|ARM
		Release|iPhone = Release|iPhone
		Release|iPhoneSimulator = Release|iPhoneSimulator
		Release|x64 = Release|x64
		Release|x86 = Release|x86
	EndGlobalSection
	GlobalSection(ProjectConfigurationPlatforms) = postSolution
		{7952265C-A58C-4C5F-8B0F-61D9EE593525}.Ad-Hoc|Any CPU.ActiveCfg = Release|Any CPU
		{7952265C-A58C-4C5F-8B0F-61D9EE593525}.Ad-Hoc|Any CPU.Build.0 = Release|Any CPU
		{7952265C-A58C-4C5F-8B0F-61D9EE593525}.Ad-Hoc|Any CPU.Deploy.0 = Release|Any CPU
		{7952265C-A58C-4C5F-8B0F-61D9EE593525}.Ad-Hoc|ARM.ActiveCfg = Release|Any CPU
		{7952265C-A58C-4C5F-8B0F-61D9EE593525}.Ad-Hoc|ARM.Build.0 = Release|Any CPU
		{7952265C-A58C-4C5F-8B0F-61D9EE593525}.Ad-Hoc|ARM.Deploy.0 = Release|Any CPU
		{7952265C-A58C-4C5F-8B0F-61D9EE593525}.Ad-Hoc|iPhone.ActiveCfg = Release|Any CPU
		{7952265C-A58C-4C5F-8B0F-61D9EE593525}.Ad-Hoc|iPhone.Build.0 = Release|Any CPU
		{7952265C-A58C-4C5F-8B0F-61D9EE593525}.Ad-Hoc|iPhone.Deploy.0 = Release|Any CPU
		{7952265C-A58C-4C5F-8B0F-61D9EE593525}.Ad-Hoc|iPhoneSimulator.ActiveCfg = Release|Any CPU
		{7952265C-A58C-4C5F-8B0F-61D9EE593525}.Ad-Hoc|iPhoneSimulator.Build.0 = Release|Any CPU
		{7952265C-A58C-4C5F-8B0F-61D9EE593525}.Ad-Hoc|iPhoneSimulator.Deploy.0 = Release|Any CPU
		{7952265C-A58C-4C5F-8B0F-61D9EE593525}.Ad-Hoc|x64.ActiveCfg = Release|Any CPU
		{7952265C-A58C-4C5F-8B0F-61D9EE593525}.Ad-Hoc|x64.Build.0 = Release|Any CPU
		{7952265C-A58C-4C5F-8B0F-61D9EE593525}.Ad-Hoc|x64.Deploy.0 = Release|Any CPU
		{7952265C-A58C-4C5F-8B0F-61D9EE593525}.Ad-Hoc|x86.ActiveCfg = Release|Any CPU
		{7952265C-A58C-4C5F-8B0F-61D9EE593525}.Ad-Hoc|x86.Build.0 = Release|Any CPU
		{7952265C-A58C-4C5F-8B0F-61D9EE593525}.Ad-Hoc|x86.Deploy.0 = Release|Any CPU
		{7952265C-A58C-4C5F-8B0F-61D9EE593525}.AppStore|Any CPU.ActiveCfg = Release|Any CPU
		{7952265C-A58C-4C5F-8B0F-61D9EE593525}.AppStore|Any CPU.Build.0 = Release|Any CPU
		{7952265C-A58C-4C5F-8B0F-61D9EE593525}.AppStore|Any CPU.Deploy.0 = Release|Any CPU
		{7952265C-A58C-4C5F-8B0F-61D9EE593525}.AppStore|ARM.ActiveCfg = Release|Any CPU
		{7952265C-A58C-4C5F-8B0F-61D9EE593525}.AppStore|ARM.Build.0 = Release|Any CPU
		{7952265C-A58C-4C5F-8B0F-61D9EE593525}.AppStore|ARM.Deploy.0 = Release|Any CPU
		{7952265C-A58C-4C5F-8B0F-61D9EE593525}.AppStore|iPhone.ActiveCfg = Release|Any CPU
		{7952265C-A58C-4C5F-8B0F-61D9EE593525}.AppStore|iPhone.Build.0 = Release|Any CPU
		{7952265C-A58C-4C5F-8B0F-61D9EE593525}.AppStore|iPhone.Deploy.0 = Release|Any CPU
		{7952265C-A58C-4C5F-8B0F-61D9EE593525}.AppStore|iPhoneSimulator.ActiveCfg = Release|Any CPU
		{7952265C-A58C-4C5F-8B0F-61D9EE593525}.AppStore|iPhoneSimulator.Build.0 = Release|Any CPU
		{7952265C-A58C-4C5F-8B0F-61D9EE593525}.AppStore|iPhoneSimulator.Deploy.0 = Release|Any CPU
		{7952265C-A58C-4C5F-8B0F-61D9EE593525}.AppStore|x64.ActiveCfg = Release|Any CPU
		{7952265C-A58C-4C5F-8B0F-61D9EE593525}.AppStore|x64.Build.0 = Release|Any CPU
		{7952265C-A58C-4C5F-8B0F-61D9EE593525}.AppStore|x64.Deploy.0 = Release|Any CPU
		{7952265C-A58C-4C5F-8B0F-61D9EE593525}.AppStore|x86.ActiveCfg = Release|Any CPU
		{7952265C-A58C-4C5F-8B0F-61D9EE593525}.AppStore|x86.Build.0 = Release|Any CPU
		{7952265C-A58C-4C5F-8B0F-61D9EE593525}.AppStore|x86.Deploy.0 = Release|Any CPU
		{7952265C-A58C-4C5F-8B0F-61D9EE593525}.Debug|Any CPU.ActiveCfg = Debug|Any CPU
		{7952265C-A58C-4C5F-8B0F-61D9EE593525}.Debug|Any CPU.Build.0 = Debug|Any CPU
		{7952265C-A58C-4C5F-8B0F-61D9EE593525}.Debug|Any CPU.Deploy.0 = Debug|Any CPU
		{7952265C-A58C-4C5F-8B0F-61D9EE593525}.Debug|ARM.ActiveCfg = Debug|Any CPU
		{7952265C-A58C-4C5F-8B0F-61D9EE593525}.Debug|ARM.Build.0 = Debug|Any CPU
		{7952265C-A58C-4C5F-8B0F-61D9EE593525}.Debug|ARM.Deploy.0 = Debug|Any CPU
		{7952265C-A58C-4C5F-8B0F-61D9EE593525}.Debug|iPhone.ActiveCfg = Debug|Any CPU
		{7952265C-A58C-4C5F-8B0F-61D9EE593525}.Debug|iPhone.Build.0 = Debug|Any CPU
		{7952265C-A58C-4C5F-8B0F-61D9EE593525}.Debug|iPhone.Deploy.0 = Debug|Any CPU
		{7952265C-A58C-4C5F-8B0F-61D9EE593525}.Debug|iPhoneSimulator.ActiveCfg = Debug|Any CPU
		{7952265C-A58C-4C5F-8B0F-61D9EE593525}.Debug|iPhoneSimulator.Build.0 = Debug|Any CPU
		{7952265C-A58C-4C5F-8B0F-61D9EE593525}.Debug|iPhoneSimulator.Deploy.0 = Debug|Any CPU
		{7952265C-A58C-4C5F-8B0F-61D9EE593525}.Debug|x64.ActiveCfg = Debug|Any CPU
		{7952265C-A58C-4C5F-8B0F-61D9EE593525}.Debug|x64.Build.0 = Debug|Any CPU
		{7952265C-A58C-4C5F-8B0F-61D9EE593525}.Debug|x64.Deploy.0 = Debug|Any CPU
		{7952265C-A58C-4C5F-8B0F-61D9EE593525}.Debug|x86.ActiveCfg = Debug|Any CPU
		{7952265C-A58C-4C5F-8B0F-61D9EE593525}.Debug|x86.Build.0 = Debug|Any CPU
		{7952265C-A58C-4C5F-8B0F-61D9EE593525}.Debug|x86.Deploy.0 = Debug|Any CPU
		{7952265C-A58C-4C5F-8B0F-61D9EE593525}.Release|Any CPU.ActiveCfg = Release|Any CPU
		{7952265C-A58C-4C5F-8B0F-61D9EE593525}.Release|Any CPU.Build.0 = Release|Any CPU
		{7952265C-A58C-4C5F-8B0F-61D9EE593525}.Release|Any CPU.Deploy.0 = Release|Any CPU
		{7952265C-A58C-4C5F-8B0F-61D9EE593525}.Release|ARM.ActiveCfg = Release|Any CPU
		{7952265C-A58C-4C5F-8B0F-61D9EE593525}.Release|ARM.Build.0 = Release|Any CPU
		{7952265C-A58C-4C5F-8B0F-61D9EE593525}.Release|ARM.Deploy.0 = Release|Any CPU
		{7952265C-A58C-4C5F-8B0F-61D9EE593525}.Release|iPhone.ActiveCfg = Release|Any CPU
		{7952265C-A58C-4C5F-8B0F-61D9EE593525}.Release|iPhone.Build.0 = Release|Any CPU
		{7952265C-A58C-4C5F-8B0F-61D9EE593525}.Release|iPhone.Deploy.0 = Release|Any CPU
		{7952265C-A58C-4C5F-8B0F-61D9EE593525}.Release|iPhoneSimulator.ActiveCfg = Release|Any CPU
		{7952265C-A58C-4C5F-8B0F-61D9EE593525}.Release|iPhoneSimulator.Build.0 = Release|Any CPU
		{7952265C-A58C-4C5F-8B0F-61D9EE593525}.Release|iPhoneSimulator.Deploy.0 = Release|Any CPU
		{7952265C-A58C-4C5F-8B0F-61D9EE593525}.Release|x64.ActiveCfg = Release|Any CPU
		{7952265C-A58C-4C5F-8B0F-61D9EE593525}.Release|x64.Build.0 = Release|Any CPU
		{7952265C-A58C-4C5F-8B0F-61D9EE593525}.Release|x64.Deploy.0 = Release|Any CPU
		{7952265C-A58C-4C5F-8B0F-61D9EE593525}.Release|x86.ActiveCfg = Release|Any CPU
		{7952265C-A58C-4C5F-8B0F-61D9EE593525}.Release|x86.Build.0 = Release|Any CPU
		{7952265C-A58C-4C5F-8B0F-61D9EE593525}.Release|x86.Deploy.0 = Release|Any CPU
		{81BC37EA-DD67-41EC-9938-0B77B0291D95}.Ad-Hoc|Any CPU.ActiveCfg = Ad-Hoc|iPhone
		{81BC37EA-DD67-41EC-9938-0B77B0291D95}.Ad-Hoc|ARM.ActiveCfg = Ad-Hoc|iPhone
		{81BC37EA-DD67-41EC-9938-0B77B0291D95}.Ad-Hoc|iPhone.ActiveCfg = Ad-Hoc|iPhone
		{81BC37EA-DD67-41EC-9938-0B77B0291D95}.Ad-Hoc|iPhone.Build.0 = Ad-Hoc|iPhone
		{81BC37EA-DD67-41EC-9938-0B77B0291D95}.Ad-Hoc|iPhoneSimulator.ActiveCfg = Ad-Hoc|iPhoneSimulator
		{81BC37EA-DD67-41EC-9938-0B77B0291D95}.Ad-Hoc|iPhoneSimulator.Build.0 = Ad-Hoc|iPhoneSimulator
		{81BC37EA-DD67-41EC-9938-0B77B0291D95}.Ad-Hoc|x64.ActiveCfg = Ad-Hoc|iPhone
		{81BC37EA-DD67-41EC-9938-0B77B0291D95}.Ad-Hoc|x86.ActiveCfg = Ad-Hoc|iPhone
		{81BC37EA-DD67-41EC-9938-0B77B0291D95}.AppStore|Any CPU.ActiveCfg = AppStore|iPhone
		{81BC37EA-DD67-41EC-9938-0B77B0291D95}.AppStore|ARM.ActiveCfg = AppStore|iPhone
		{81BC37EA-DD67-41EC-9938-0B77B0291D95}.AppStore|iPhone.ActiveCfg = AppStore|iPhone
		{81BC37EA-DD67-41EC-9938-0B77B0291D95}.AppStore|iPhone.Build.0 = AppStore|iPhone
		{81BC37EA-DD67-41EC-9938-0B77B0291D95}.AppStore|iPhoneSimulator.ActiveCfg = AppStore|iPhoneSimulator
		{81BC37EA-DD67-41EC-9938-0B77B0291D95}.AppStore|iPhoneSimulator.Build.0 = AppStore|iPhoneSimulator
		{81BC37EA-DD67-41EC-9938-0B77B0291D95}.AppStore|x64.ActiveCfg = AppStore|iPhone
		{81BC37EA-DD67-41EC-9938-0B77B0291D95}.AppStore|x86.ActiveCfg = AppStore|iPhone
		{81BC37EA-DD67-41EC-9938-0B77B0291D95}.Debug|Any CPU.ActiveCfg = Debug|iPhone
		{81BC37EA-DD67-41EC-9938-0B77B0291D95}.Debug|ARM.ActiveCfg = Debug|iPhone
		{81BC37EA-DD67-41EC-9938-0B77B0291D95}.Debug|iPhone.ActiveCfg = Debug|iPhone
		{81BC37EA-DD67-41EC-9938-0B77B0291D95}.Debug|iPhone.Build.0 = Debug|iPhone
		{81BC37EA-DD67-41EC-9938-0B77B0291D95}.Debug|iPhoneSimulator.ActiveCfg = Debug|iPhoneSimulator
		{81BC37EA-DD67-41EC-9938-0B77B0291D95}.Debug|iPhoneSimulator.Build.0 = Debug|iPhoneSimulator
		{81BC37EA-DD67-41EC-9938-0B77B0291D95}.Debug|x64.ActiveCfg = Debug|iPhone
		{81BC37EA-DD67-41EC-9938-0B77B0291D95}.Debug|x86.ActiveCfg = Debug|iPhone
		{81BC37EA-DD67-41EC-9938-0B77B0291D95}.Release|Any CPU.ActiveCfg = Release|iPhone
		{81BC37EA-DD67-41EC-9938-0B77B0291D95}.Release|ARM.ActiveCfg = Release|iPhone
		{81BC37EA-DD67-41EC-9938-0B77B0291D95}.Release|iPhone.ActiveCfg = Release|iPhone
		{81BC37EA-DD67-41EC-9938-0B77B0291D95}.Release|iPhone.Build.0 = Release|iPhone
		{81BC37EA-DD67-41EC-9938-0B77B0291D95}.Release|iPhoneSimulator.ActiveCfg = Release|iPhoneSimulator
		{81BC37EA-DD67-41EC-9938-0B77B0291D95}.Release|iPhoneSimulator.Build.0 = Release|iPhoneSimulator
		{81BC37EA-DD67-41EC-9938-0B77B0291D95}.Release|x64.ActiveCfg = Release|iPhone
		{81BC37EA-DD67-41EC-9938-0B77B0291D95}.Release|x86.ActiveCfg = Release|iPhone
		{E1EB7765-D9CA-44E0-9420-F65836C27ABB}.Ad-Hoc|Any CPU.ActiveCfg = Release|x86
		{E1EB7765-D9CA-44E0-9420-F65836C27ABB}.Ad-Hoc|Any CPU.Build.0 = Release|x86
		{E1EB7765-D9CA-44E0-9420-F65836C27ABB}.Ad-Hoc|Any CPU.Deploy.0 = Release|x86
		{E1EB7765-D9CA-44E0-9420-F65836C27ABB}.Ad-Hoc|ARM.ActiveCfg = Release|ARM
		{E1EB7765-D9CA-44E0-9420-F65836C27ABB}.Ad-Hoc|ARM.Build.0 = Release|ARM
		{E1EB7765-D9CA-44E0-9420-F65836C27ABB}.Ad-Hoc|ARM.Deploy.0 = Release|ARM
		{E1EB7765-D9CA-44E0-9420-F65836C27ABB}.Ad-Hoc|iPhone.ActiveCfg = Release|x86
		{E1EB7765-D9CA-44E0-9420-F65836C27ABB}.Ad-Hoc|iPhone.Build.0 = Release|x86
		{E1EB7765-D9CA-44E0-9420-F65836C27ABB}.Ad-Hoc|iPhone.Deploy.0 = Release|x86
		{E1EB7765-D9CA-44E0-9420-F65836C27ABB}.Ad-Hoc|iPhoneSimulator.ActiveCfg = Release|x86
		{E1EB7765-D9CA-44E0-9420-F65836C27ABB}.Ad-Hoc|iPhoneSimulator.Build.0 = Release|x86
		{E1EB7765-D9CA-44E0-9420-F65836C27ABB}.Ad-Hoc|iPhoneSimulator.Deploy.0 = Release|x86
		{E1EB7765-D9CA-44E0-9420-F65836C27ABB}.Ad-Hoc|x64.ActiveCfg = Release|x64
		{E1EB7765-D9CA-44E0-9420-F65836C27ABB}.Ad-Hoc|x64.Build.0 = Release|x64
		{E1EB7765-D9CA-44E0-9420-F65836C27ABB}.Ad-Hoc|x64.Deploy.0 = Release|x64
		{E1EB7765-D9CA-44E0-9420-F65836C27ABB}.Ad-Hoc|x86.ActiveCfg = Release|x86
		{E1EB7765-D9CA-44E0-9420-F65836C27ABB}.Ad-Hoc|x86.Build.0 = Release|x86
		{E1EB7765-D9CA-44E0-9420-F65836C27ABB}.Ad-Hoc|x86.Deploy.0 = Release|x86
		{E1EB7765-D9CA-44E0-9420-F65836C27ABB}.AppStore|Any CPU.ActiveCfg = Release|x86
		{E1EB7765-D9CA-44E0-9420-F65836C27ABB}.AppStore|Any CPU.Build.0 = Release|x86
		{E1EB7765-D9CA-44E0-9420-F65836C27ABB}.AppStore|Any CPU.Deploy.0 = Release|x86
		{E1EB7765-D9CA-44E0-9420-F65836C27ABB}.AppStore|ARM.ActiveCfg = Release|ARM
		{E1EB7765-D9CA-44E0-9420-F65836C27ABB}.AppStore|ARM.Build.0 = Release|ARM
		{E1EB7765-D9CA-44E0-9420-F65836C27ABB}.AppStore|ARM.Deploy.0 = Release|ARM
		{E1EB7765-D9CA-44E0-9420-F65836C27ABB}.AppStore|iPhone.ActiveCfg = Release|x86
		{E1EB7765-D9CA-44E0-9420-F65836C27ABB}.AppStore|iPhone.Build.0 = Release|x86
		{E1EB7765-D9CA-44E0-9420-F65836C27ABB}.AppStore|iPhone.Deploy.0 = Release|x86
		{E1EB7765-D9CA-44E0-9420-F65836C27ABB}.AppStore|iPhoneSimulator.ActiveCfg = Release|x86
		{E1EB7765-D9CA-44E0-9420-F65836C27ABB}.AppStore|iPhoneSimulator.Build.0 = Release|x86
		{E1EB7765-D9CA-44E0-9420-F65836C27ABB}.AppStore|iPhoneSimulator.Deploy.0 = Release|x86
		{E1EB7765-D9CA-44E0-9420-F65836C27ABB}.AppStore|x64.ActiveCfg = Release|x64
		{E1EB7765-D9CA-44E0-9420-F65836C27ABB}.AppStore|x64.Build.0 = Release|x64
		{E1EB7765-D9CA-44E0-9420-F65836C27ABB}.AppStore|x64.Deploy.0 = Release|x64
		{E1EB7765-D9CA-44E0-9420-F65836C27ABB}.AppStore|x86.ActiveCfg = Release|x86
		{E1EB7765-D9CA-44E0-9420-F65836C27ABB}.AppStore|x86.Build.0 = Release|x86
		{E1EB7765-D9CA-44E0-9420-F65836C27ABB}.AppStore|x86.Deploy.0 = Release|x86
		{E1EB7765-D9CA-44E0-9420-F65836C27ABB}.Debug|Any CPU.ActiveCfg = Debug|x86
		{E1EB7765-D9CA-44E0-9420-F65836C27ABB}.Debug|ARM.ActiveCfg = Debug|ARM
		{E1EB7765-D9CA-44E0-9420-F65836C27ABB}.Debug|ARM.Build.0 = Debug|ARM
		{E1EB7765-D9CA-44E0-9420-F65836C27ABB}.Debug|ARM.Deploy.0 = Debug|ARM
		{E1EB7765-D9CA-44E0-9420-F65836C27ABB}.Debug|iPhone.ActiveCfg = Debug|x86
		{E1EB7765-D9CA-44E0-9420-F65836C27ABB}.Debug|iPhoneSimulator.ActiveCfg = Debug|x86
		{E1EB7765-D9CA-44E0-9420-F65836C27ABB}.Debug|x64.ActiveCfg = Debug|x64
		{E1EB7765-D9CA-44E0-9420-F65836C27ABB}.Debug|x64.Build.0 = Debug|x64
		{E1EB7765-D9CA-44E0-9420-F65836C27ABB}.Debug|x64.Deploy.0 = Debug|x64
		{E1EB7765-D9CA-44E0-9420-F65836C27ABB}.Debug|x86.ActiveCfg = Debug|x86
		{E1EB7765-D9CA-44E0-9420-F65836C27ABB}.Debug|x86.Build.0 = Debug|x86
		{E1EB7765-D9CA-44E0-9420-F65836C27ABB}.Debug|x86.Deploy.0 = Debug|x86
		{E1EB7765-D9CA-44E0-9420-F65836C27ABB}.Release|Any CPU.ActiveCfg = Release|x86
		{E1EB7765-D9CA-44E0-9420-F65836C27ABB}.Release|ARM.ActiveCfg = Release|ARM
		{E1EB7765-D9CA-44E0-9420-F65836C27ABB}.Release|ARM.Build.0 = Release|ARM
		{E1EB7765-D9CA-44E0-9420-F65836C27ABB}.Release|ARM.Deploy.0 = Release|ARM
		{E1EB7765-D9CA-44E0-9420-F65836C27ABB}.Release|iPhone.ActiveCfg = Release|x86
		{E1EB7765-D9CA-44E0-9420-F65836C27ABB}.Release|iPhoneSimulator.ActiveCfg = Release|x86
		{E1EB7765-D9CA-44E0-9420-F65836C27ABB}.Release|x64.ActiveCfg = Release|x64
		{E1EB7765-D9CA-44E0-9420-F65836C27ABB}.Release|x64.Build.0 = Release|x64
		{E1EB7765-D9CA-44E0-9420-F65836C27ABB}.Release|x64.Deploy.0 = Release|x64
		{E1EB7765-D9CA-44E0-9420-F65836C27ABB}.Release|x86.ActiveCfg = Release|x86
		{E1EB7765-D9CA-44E0-9420-F65836C27ABB}.Release|x86.Build.0 = Release|x86
		{E1EB7765-D9CA-44E0-9420-F65836C27ABB}.Release|x86.Deploy.0 = Release|x86
		{09703F00-5101-4223-8E7D-2C3604D60ECB}.Ad-Hoc|Any CPU.ActiveCfg = Debug|Any CPU
		{09703F00-5101-4223-8E7D-2C3604D60ECB}.Ad-Hoc|Any CPU.Build.0 = Debug|Any CPU
		{09703F00-5101-4223-8E7D-2C3604D60ECB}.Ad-Hoc|ARM.ActiveCfg = Debug|Any CPU
		{09703F00-5101-4223-8E7D-2C3604D60ECB}.Ad-Hoc|ARM.Build.0 = Debug|Any CPU
		{09703F00-5101-4223-8E7D-2C3604D60ECB}.Ad-Hoc|iPhone.ActiveCfg = Debug|Any CPU
		{09703F00-5101-4223-8E7D-2C3604D60ECB}.Ad-Hoc|iPhone.Build.0 = Debug|Any CPU
		{09703F00-5101-4223-8E7D-2C3604D60ECB}.Ad-Hoc|iPhoneSimulator.ActiveCfg = Debug|Any CPU
		{09703F00-5101-4223-8E7D-2C3604D60ECB}.Ad-Hoc|iPhoneSimulator.Build.0 = Debug|Any CPU
		{09703F00-5101-4223-8E7D-2C3604D60ECB}.Ad-Hoc|x64.ActiveCfg = Debug|Any CPU
		{09703F00-5101-4223-8E7D-2C3604D60ECB}.Ad-Hoc|x64.Build.0 = Debug|Any CPU
		{09703F00-5101-4223-8E7D-2C3604D60ECB}.Ad-Hoc|x86.ActiveCfg = Debug|Any CPU
		{09703F00-5101-4223-8E7D-2C3604D60ECB}.Ad-Hoc|x86.Build.0 = Debug|Any CPU
		{09703F00-5101-4223-8E7D-2C3604D60ECB}.AppStore|Any CPU.ActiveCfg = Debug|Any CPU
		{09703F00-5101-4223-8E7D-2C3604D60ECB}.AppStore|Any CPU.Build.0 = Debug|Any CPU
		{09703F00-5101-4223-8E7D-2C3604D60ECB}.AppStore|ARM.ActiveCfg = Debug|Any CPU
		{09703F00-5101-4223-8E7D-2C3604D60ECB}.AppStore|ARM.Build.0 = Debug|Any CPU
		{09703F00-5101-4223-8E7D-2C3604D60ECB}.AppStore|iPhone.ActiveCfg = Debug|Any CPU
		{09703F00-5101-4223-8E7D-2C3604D60ECB}.AppStore|iPhone.Build.0 = Debug|Any CPU
		{09703F00-5101-4223-8E7D-2C3604D60ECB}.AppStore|iPhoneSimulator.ActiveCfg = Debug|Any CPU
		{09703F00-5101-4223-8E7D-2C3604D60ECB}.AppStore|iPhoneSimulator.Build.0 = Debug|Any CPU
		{09703F00-5101-4223-8E7D-2C3604D60ECB}.AppStore|x64.ActiveCfg = Debug|Any CPU
		{09703F00-5101-4223-8E7D-2C3604D60ECB}.AppStore|x64.Build.0 = Debug|Any CPU
		{09703F00-5101-4223-8E7D-2C3604D60ECB}.AppStore|x86.ActiveCfg = Debug|Any CPU
		{09703F00-5101-4223-8E7D-2C3604D60ECB}.AppStore|x86.Build.0 = Debug|Any CPU
		{09703F00-5101-4223-8E7D-2C3604D60ECB}.Debug|Any CPU.ActiveCfg = Debug|Any CPU
		{09703F00-5101-4223-8E7D-2C3604D60ECB}.Debug|Any CPU.Build.0 = Debug|Any CPU
		{09703F00-5101-4223-8E7D-2C3604D60ECB}.Debug|ARM.ActiveCfg = Debug|Any CPU
		{09703F00-5101-4223-8E7D-2C3604D60ECB}.Debug|ARM.Build.0 = Debug|Any CPU
		{09703F00-5101-4223-8E7D-2C3604D60ECB}.Debug|iPhone.ActiveCfg = Debug|Any CPU
		{09703F00-5101-4223-8E7D-2C3604D60ECB}.Debug|iPhone.Build.0 = Debug|Any CPU
		{09703F00-5101-4223-8E7D-2C3604D60ECB}.Debug|iPhoneSimulator.ActiveCfg = Debug|Any CPU
		{09703F00-5101-4223-8E7D-2C3604D60ECB}.Debug|iPhoneSimulator.Build.0 = Debug|Any CPU
		{09703F00-5101-4223-8E7D-2C3604D60ECB}.Debug|x64.ActiveCfg = Debug|Any CPU
		{09703F00-5101-4223-8E7D-2C3604D60ECB}.Debug|x64.Build.0 = Debug|Any CPU
		{09703F00-5101-4223-8E7D-2C3604D60ECB}.Debug|x86.ActiveCfg = Debug|Any CPU
		{09703F00-5101-4223-8E7D-2C3604D60ECB}.Debug|x86.Build.0 = Debug|Any CPU
		{09703F00-5101-4223-8E7D-2C3604D60ECB}.Release|Any CPU.ActiveCfg = Release|Any CPU
		{09703F00-5101-4223-8E7D-2C3604D60ECB}.Release|Any CPU.Build.0 = Release|Any CPU
		{09703F00-5101-4223-8E7D-2C3604D60ECB}.Release|ARM.ActiveCfg = Release|Any CPU
		{09703F00-5101-4223-8E7D-2C3604D60ECB}.Release|ARM.Build.0 = Release|Any CPU
		{09703F00-5101-4223-8E7D-2C3604D60ECB}.Release|iPhone.ActiveCfg = Release|Any CPU
		{09703F00-5101-4223-8E7D-2C3604D60ECB}.Release|iPhone.Build.0 = Release|Any CPU
		{09703F00-5101-4223-8E7D-2C3604D60ECB}.Release|iPhoneSimulator.ActiveCfg = Release|Any CPU
		{09703F00-5101-4223-8E7D-2C3604D60ECB}.Release|iPhoneSimulator.Build.0 = Release|Any CPU
		{09703F00-5101-4223-8E7D-2C3604D60ECB}.Release|x64.ActiveCfg = Release|Any CPU
		{09703F00-5101-4223-8E7D-2C3604D60ECB}.Release|x64.Build.0 = Release|Any CPU
		{09703F00-5101-4223-8E7D-2C3604D60ECB}.Release|x86.ActiveCfg = Release|Any CPU
		{09703F00-5101-4223-8E7D-2C3604D60ECB}.Release|x86.Build.0 = Release|Any CPU
	EndGlobalSection
	GlobalSection(SolutionProperties) = preSolution
		HideSolutionNode = FALSE
	EndGlobalSection
	GlobalSection(ExtensibilityGlobals) = postSolution
		SolutionGuid = {8B2F33C8-FE2E-4516-A721-07B622FFE2C1}
	EndGlobalSection
EndGlobal
